// !$*UTF8*$!
{
	archiveVersion = 1;
	classes = {
	};
	objectVersion = 46;
	objects = {

/* Begin PBXBuildFile section */
		79316535311E481437DFB1E2 /* Pods_CadeVan.framework in Frameworks */ = {isa = PBXBuildFile; fileRef = 91E1D0F2A54E232D114B4094 /* Pods_CadeVan.framework */; };
		9C014A1E1CE3B4B900541376 /* LoginDto.swift in Sources */ = {isa = PBXBuildFile; fileRef = 9C014A1D1CE3B4B900541376 /* LoginDto.swift */; };
		9C014A201CE3B4EC00541376 /* Constans.swift in Sources */ = {isa = PBXBuildFile; fileRef = 9C014A1F1CE3B4EC00541376 /* Constans.swift */; };
		9C014A241CE3C75400541376 /* DriversViewController.swift in Sources */ = {isa = PBXBuildFile; fileRef = 9C014A231CE3C75400541376 /* DriversViewController.swift */; };
		9C014A261CE3CB7700541376 /* Driver.swift in Sources */ = {isa = PBXBuildFile; fileRef = 9C014A251CE3CB7700541376 /* Driver.swift */; };
		9C091CE31CEBB57D00968027 /* LoadingButton.swift in Sources */ = {isa = PBXBuildFile; fileRef = 9C091CE21CEBB57D00968027 /* LoadingButton.swift */; };
		9C41675D1D074EBF00D24ED9 /* MapCustomAnnotation.swift in Sources */ = {isa = PBXBuildFile; fileRef = 9C41675C1D074EBF00D24ED9 /* MapCustomAnnotation.swift */; };
		9C6371411CEA7D8800D8BDE8 /* DriverChosen.swift in Sources */ = {isa = PBXBuildFile; fileRef = 9C6371401CEA7D8700D8BDE8 /* DriverChosen.swift */; };
		9C6371451CEAA23700D8BDE8 /* MapKit.framework in Frameworks */ = {isa = PBXBuildFile; fileRef = 9C6371441CEAA23700D8BDE8 /* MapKit.framework */; };
		9C63929D1D116C2E0020480F /* UpdatePushToken.swift in Sources */ = {isa = PBXBuildFile; fileRef = 9C63929C1D116C2E0020480F /* UpdatePushToken.swift */; };
		9C6DE2F11CE415B00014B179 /* Token.swift in Sources */ = {isa = PBXBuildFile; fileRef = 9C6DE2F01CE415B00014B179 /* Token.swift */; };
		9C6EEBC31CED07AE009E1AE3 /* GoogleService-Info.plist in Resources */ = {isa = PBXBuildFile; fileRef = 9C6EEBC21CED07AE009E1AE3 /* GoogleService-Info.plist */; };
		9C7FA7571CE691550099DF4D /* SplashViewController.swift in Sources */ = {isa = PBXBuildFile; fileRef = 9C7FA7561CE691550099DF4D /* SplashViewController.swift */; };
		9C9003AB1CDD22980096584A /* AppDelegate.swift in Sources */ = {isa = PBXBuildFile; fileRef = 9C9003AA1CDD22980096584A /* AppDelegate.swift */; };
		9C9003AD1CDD22980096584A /* ViewController.swift in Sources */ = {isa = PBXBuildFile; fileRef = 9C9003AC1CDD22980096584A /* ViewController.swift */; };
		9C9003B01CDD22980096584A /* Main.storyboard in Resources */ = {isa = PBXBuildFile; fileRef = 9C9003AE1CDD22980096584A /* Main.storyboard */; };
		9C9003B21CDD22990096584A /* Assets.xcassets in Resources */ = {isa = PBXBuildFile; fileRef = 9C9003B11CDD22990096584A /* Assets.xcassets */; };
		9C9003B51CDD22990096584A /* LaunchScreen.storyboard in Resources */ = {isa = PBXBuildFile; fileRef = 9C9003B31CDD22990096584A /* LaunchScreen.storyboard */; };
		9C9003C01CDD22990096584A /* CadeVanTests.swift in Sources */ = {isa = PBXBuildFile; fileRef = 9C9003BF1CDD22990096584A /* CadeVanTests.swift */; };
		9CAF452F1CEB614D0025E432 /* CoreLocation.framework in Frameworks */ = {isa = PBXBuildFile; fileRef = 9CAF452E1CEB614D0025E432 /* CoreLocation.framework */; };
		9CAF45311CEB636B0025E432 /* MapViewController.swift in Sources */ = {isa = PBXBuildFile; fileRef = 9CAF45301CEB636B0025E432 /* MapViewController.swift */; };
		9CD4CFD81CE29517009AE9FF /* LoginViewController.swift in Sources */ = {isa = PBXBuildFile; fileRef = 9CD4CFD71CE29517009AE9FF /* LoginViewController.swift */; };
		9CD4CFDA1CE29559009AE9FF /* RegisterViewController.swift in Sources */ = {isa = PBXBuildFile; fileRef = 9CD4CFD91CE29559009AE9FF /* RegisterViewController.swift */; };
		9CD4CFE51CE2A5AF009AE9FF /* User.swift in Sources */ = {isa = PBXBuildFile; fileRef = 9CD4CFE41CE2A5AF009AE9FF /* User.swift */; };
		9CD4CFE81CE2A614009AE9FF /* Utils.swift in Sources */ = {isa = PBXBuildFile; fileRef = 9CD4CFE71CE2A614009AE9FF /* Utils.swift */; };
		9CD4CFEE1CE2A6C3009AE9FF /* UserRealm.swift in Sources */ = {isa = PBXBuildFile; fileRef = 9CD4CFED1CE2A6C3009AE9FF /* UserRealm.swift */; };
		9FB188B79988EFF068C4BA05 /* Pods_CadeVanTests.framework in Frameworks */ = {isa = PBXBuildFile; fileRef = FA032891F4C9D665BB5DFF20 /* Pods_CadeVanTests.framework */; };
/* End PBXBuildFile section */

/* Begin PBXContainerItemProxy section */
		9C9003BC1CDD22990096584A /* PBXContainerItemProxy */ = {
			isa = PBXContainerItemProxy;
			containerPortal = 9C90039F1CDD22980096584A /* Project object */;
			proxyType = 1;
			remoteGlobalIDString = 9C9003A61CDD22980096584A;
			remoteInfo = CadeVan;
		};
/* End PBXContainerItemProxy section */

/* Begin PBXFileReference section */
		38C14E3D3AA48467CDF548D2 /* Pods-CadeVanTests.debug.xcconfig */ = {isa = PBXFileReference; includeInIndex = 1; lastKnownFileType = text.xcconfig; name = "Pods-CadeVanTests.debug.xcconfig"; path = "Pods/Target Support Files/Pods-CadeVanTests/Pods-CadeVanTests.debug.xcconfig"; sourceTree = "<group>"; };
		6CA1D3A4B45840ADBD36B1C3 /* Pods-CadeVan.debug.xcconfig */ = {isa = PBXFileReference; includeInIndex = 1; lastKnownFileType = text.xcconfig; name = "Pods-CadeVan.debug.xcconfig"; path = "Pods/Target Support Files/Pods-CadeVan/Pods-CadeVan.debug.xcconfig"; sourceTree = "<group>"; };
		91E1D0F2A54E232D114B4094 /* Pods_CadeVan.framework */ = {isa = PBXFileReference; explicitFileType = wrapper.framework; includeInIndex = 0; path = Pods_CadeVan.framework; sourceTree = BUILT_PRODUCTS_DIR; };
		98BE51BE819C5EE12E5A63EC /* Pods-CadeVanTests.release.xcconfig */ = {isa = PBXFileReference; includeInIndex = 1; lastKnownFileType = text.xcconfig; name = "Pods-CadeVanTests.release.xcconfig"; path = "Pods/Target Support Files/Pods-CadeVanTests/Pods-CadeVanTests.release.xcconfig"; sourceTree = "<group>"; };
		9C014A1D1CE3B4B900541376 /* LoginDto.swift */ = {isa = PBXFileReference; fileEncoding = 4; lastKnownFileType = sourcecode.swift; path = LoginDto.swift; sourceTree = "<group>"; };
		9C014A1F1CE3B4EC00541376 /* Constans.swift */ = {isa = PBXFileReference; fileEncoding = 4; lastKnownFileType = sourcecode.swift; path = Constans.swift; sourceTree = "<group>"; };
		9C014A231CE3C75400541376 /* DriversViewController.swift */ = {isa = PBXFileReference; fileEncoding = 4; lastKnownFileType = sourcecode.swift; path = DriversViewController.swift; sourceTree = "<group>"; };
		9C014A251CE3CB7700541376 /* Driver.swift */ = {isa = PBXFileReference; fileEncoding = 4; lastKnownFileType = sourcecode.swift; path = Driver.swift; sourceTree = "<group>"; };
		9C091CE21CEBB57D00968027 /* LoadingButton.swift */ = {isa = PBXFileReference; fileEncoding = 4; lastKnownFileType = sourcecode.swift; path = LoadingButton.swift; sourceTree = "<group>"; };
		9C41675C1D074EBF00D24ED9 /* MapCustomAnnotation.swift */ = {isa = PBXFileReference; fileEncoding = 4; lastKnownFileType = sourcecode.swift; path = MapCustomAnnotation.swift; sourceTree = "<group>"; };
		9C6371401CEA7D8700D8BDE8 /* DriverChosen.swift */ = {isa = PBXFileReference; fileEncoding = 4; lastKnownFileType = sourcecode.swift; path = DriverChosen.swift; sourceTree = "<group>"; };
		9C6371441CEAA23700D8BDE8 /* MapKit.framework */ = {isa = PBXFileReference; lastKnownFileType = wrapper.framework; name = MapKit.framework; path = System/Library/Frameworks/MapKit.framework; sourceTree = SDKROOT; };
		9C63929C1D116C2E0020480F /* UpdatePushToken.swift */ = {isa = PBXFileReference; fileEncoding = 4; lastKnownFileType = sourcecode.swift; path = UpdatePushToken.swift; sourceTree = "<group>"; };
		9C6DE2F01CE415B00014B179 /* Token.swift */ = {isa = PBXFileReference; fileEncoding = 4; lastKnownFileType = sourcecode.swift; path = Token.swift; sourceTree = "<group>"; };
		9C6EEBC21CED07AE009E1AE3 /* GoogleService-Info.plist */ = {isa = PBXFileReference; fileEncoding = 4; lastKnownFileType = text.plist.xml; path = "GoogleService-Info.plist"; sourceTree = "<group>"; };
		9C7FA7561CE691550099DF4D /* SplashViewController.swift */ = {isa = PBXFileReference; fileEncoding = 4; lastKnownFileType = sourcecode.swift; path = SplashViewController.swift; sourceTree = "<group>"; };
		9C9003A71CDD22980096584A /* CadeVan.app */ = {isa = PBXFileReference; explicitFileType = wrapper.application; includeInIndex = 0; path = CadeVan.app; sourceTree = BUILT_PRODUCTS_DIR; };
		9C9003AA1CDD22980096584A /* AppDelegate.swift */ = {isa = PBXFileReference; lastKnownFileType = sourcecode.swift; path = AppDelegate.swift; sourceTree = "<group>"; };
		9C9003AC1CDD22980096584A /* ViewController.swift */ = {isa = PBXFileReference; lastKnownFileType = sourcecode.swift; path = ViewController.swift; sourceTree = "<group>"; };
		9C9003AF1CDD22980096584A /* Base */ = {isa = PBXFileReference; lastKnownFileType = file.storyboard; name = Base; path = Base.lproj/Main.storyboard; sourceTree = "<group>"; };
		9C9003B11CDD22990096584A /* Assets.xcassets */ = {isa = PBXFileReference; lastKnownFileType = folder.assetcatalog; path = Assets.xcassets; sourceTree = "<group>"; };
		9C9003B41CDD22990096584A /* Base */ = {isa = PBXFileReference; lastKnownFileType = file.storyboard; name = Base; path = Base.lproj/LaunchScreen.storyboard; sourceTree = "<group>"; };
		9C9003B61CDD22990096584A /* Info.plist */ = {isa = PBXFileReference; lastKnownFileType = text.plist.xml; path = Info.plist; sourceTree = "<group>"; };
		9C9003BB1CDD22990096584A /* CadeVanTests.xctest */ = {isa = PBXFileReference; explicitFileType = wrapper.cfbundle; includeInIndex = 0; path = CadeVanTests.xctest; sourceTree = BUILT_PRODUCTS_DIR; };
		9C9003BF1CDD22990096584A /* CadeVanTests.swift */ = {isa = PBXFileReference; lastKnownFileType = sourcecode.swift; path = CadeVanTests.swift; sourceTree = "<group>"; };
		9C9003C11CDD22990096584A /* Info.plist */ = {isa = PBXFileReference; lastKnownFileType = text.plist.xml; path = Info.plist; sourceTree = "<group>"; };
		9CAF452E1CEB614D0025E432 /* CoreLocation.framework */ = {isa = PBXFileReference; lastKnownFileType = wrapper.framework; name = CoreLocation.framework; path = System/Library/Frameworks/CoreLocation.framework; sourceTree = SDKROOT; };
		9CAF45301CEB636B0025E432 /* MapViewController.swift */ = {isa = PBXFileReference; fileEncoding = 4; lastKnownFileType = sourcecode.swift; path = MapViewController.swift; sourceTree = "<group>"; };
		9CD4CFD71CE29517009AE9FF /* LoginViewController.swift */ = {isa = PBXFileReference; fileEncoding = 4; lastKnownFileType = sourcecode.swift; path = LoginViewController.swift; sourceTree = "<group>"; };
		9CD4CFD91CE29559009AE9FF /* RegisterViewController.swift */ = {isa = PBXFileReference; fileEncoding = 4; lastKnownFileType = sourcecode.swift; path = RegisterViewController.swift; sourceTree = "<group>"; };
		9CD4CFE41CE2A5AF009AE9FF /* User.swift */ = {isa = PBXFileReference; fileEncoding = 4; lastKnownFileType = sourcecode.swift; path = User.swift; sourceTree = "<group>"; };
		9CD4CFE71CE2A614009AE9FF /* Utils.swift */ = {isa = PBXFileReference; fileEncoding = 4; lastKnownFileType = sourcecode.swift; path = Utils.swift; sourceTree = "<group>"; };
		9CD4CFE91CE2A63C009AE9FF /* CadeVan-Bridging-Header.h */ = {isa = PBXFileReference; lastKnownFileType = sourcecode.c.h; path = "CadeVan-Bridging-Header.h"; sourceTree = "<group>"; };
		9CD4CFED1CE2A6C3009AE9FF /* UserRealm.swift */ = {isa = PBXFileReference; fileEncoding = 4; lastKnownFileType = sourcecode.swift; path = UserRealm.swift; sourceTree = "<group>"; };
		FA032891F4C9D665BB5DFF20 /* Pods_CadeVanTests.framework */ = {isa = PBXFileReference; explicitFileType = wrapper.framework; includeInIndex = 0; path = Pods_CadeVanTests.framework; sourceTree = BUILT_PRODUCTS_DIR; };
		FEBDDA6A91ED2643DA0E39DC /* Pods-CadeVan.release.xcconfig */ = {isa = PBXFileReference; includeInIndex = 1; lastKnownFileType = text.xcconfig; name = "Pods-CadeVan.release.xcconfig"; path = "Pods/Target Support Files/Pods-CadeVan/Pods-CadeVan.release.xcconfig"; sourceTree = "<group>"; };
/* End PBXFileReference section */

/* Begin PBXFrameworksBuildPhase section */
		9C9003A41CDD22980096584A /* Frameworks */ = {
			isa = PBXFrameworksBuildPhase;
			buildActionMask = 2147483647;
			files = (
				9CAF452F1CEB614D0025E432 /* CoreLocation.framework in Frameworks */,
				79316535311E481437DFB1E2 /* Pods_CadeVan.framework in Frameworks */,
				9C6371451CEAA23700D8BDE8 /* MapKit.framework in Frameworks */,
			);
			runOnlyForDeploymentPostprocessing = 0;
		};
		9C9003B81CDD22990096584A /* Frameworks */ = {
			isa = PBXFrameworksBuildPhase;
			buildActionMask = 2147483647;
			files = (
				9FB188B79988EFF068C4BA05 /* Pods_CadeVanTests.framework in Frameworks */,
			);
			runOnlyForDeploymentPostprocessing = 0;
		};
/* End PBXFrameworksBuildPhase section */

/* Begin PBXGroup section */
		8DA96D21FE50ADFC9D3BC38E /* Pods */ = {
			isa = PBXGroup;
			children = (
				6CA1D3A4B45840ADBD36B1C3 /* Pods-CadeVan.debug.xcconfig */,
				FEBDDA6A91ED2643DA0E39DC /* Pods-CadeVan.release.xcconfig */,
				38C14E3D3AA48467CDF548D2 /* Pods-CadeVanTests.debug.xcconfig */,
				98BE51BE819C5EE12E5A63EC /* Pods-CadeVanTests.release.xcconfig */,
			);
			name = Pods;
			sourceTree = "<group>";
		};
		9C091CE11CEBB4C400968027 /* UI */ = {
			isa = PBXGroup;
			children = (
				9C091CE21CEBB57D00968027 /* LoadingButton.swift */,
			);
			name = UI;
			sourceTree = "<group>";
		};
		9C41675E1D074ECA00D24ED9 /* Map */ = {
			isa = PBXGroup;
			children = (
				9C41675C1D074EBF00D24ED9 /* MapCustomAnnotation.swift */,
			);
			name = Map;
			sourceTree = "<group>";
		};
		9C90039E1CDD22980096584A = {
			isa = PBXGroup;
			children = (
				9C9003A91CDD22980096584A /* CadeVan */,
				9C9003BE1CDD22990096584A /* CadeVanTests */,
				9C9003A81CDD22980096584A /* Products */,
				8DA96D21FE50ADFC9D3BC38E /* Pods */,
				EC67301BE94E01279A20F8AE /* Frameworks */,
			);
			sourceTree = "<group>";
		};
		9C9003A81CDD22980096584A /* Products */ = {
			isa = PBXGroup;
			children = (
				9C9003A71CDD22980096584A /* CadeVan.app */,
				9C9003BB1CDD22990096584A /* CadeVanTests.xctest */,
			);
			name = Products;
			sourceTree = "<group>";
		};
		9C9003A91CDD22980096584A /* CadeVan */ = {
			isa = PBXGroup;
			children = (
				9C41675E1D074ECA00D24ED9 /* Map */,
				9C091CE11CEBB4C400968027 /* UI */,
				9CD4CFEC1CE2A687009AE9FF /* Dto */,
				9CD4CFE61CE2A5FF009AE9FF /* Utils */,
				9CD4CFE31CE2A587009AE9FF /* Domain */,
				9CD4CFD61CE29495009AE9FF /* ViewControllers */,
				9C9003AA1CDD22980096584A /* AppDelegate.swift */,
				9C9003AE1CDD22980096584A /* Main.storyboard */,
				9C9003B11CDD22990096584A /* Assets.xcassets */,
				9C9003B31CDD22990096584A /* LaunchScreen.storyboard */,
				9C9003B61CDD22990096584A /* Info.plist */,
				9C6EEBC21CED07AE009E1AE3 /* GoogleService-Info.plist */,
				9CD4CFE91CE2A63C009AE9FF /* CadeVan-Bridging-Header.h */,
			);
			path = CadeVan;
			sourceTree = "<group>";
		};
		9C9003BE1CDD22990096584A /* CadeVanTests */ = {
			isa = PBXGroup;
			children = (
				9C9003BF1CDD22990096584A /* CadeVanTests.swift */,
				9C9003C11CDD22990096584A /* Info.plist */,
			);
			path = CadeVanTests;
			sourceTree = "<group>";
		};
		9CD4CFD61CE29495009AE9FF /* ViewControllers */ = {
			isa = PBXGroup;
			children = (
				9C9003AC1CDD22980096584A /* ViewController.swift */,
				9CD4CFD71CE29517009AE9FF /* LoginViewController.swift */,
				9CD4CFD91CE29559009AE9FF /* RegisterViewController.swift */,
				9C014A231CE3C75400541376 /* DriversViewController.swift */,
				9C7FA7561CE691550099DF4D /* SplashViewController.swift */,
				9CAF45301CEB636B0025E432 /* MapViewController.swift */,
			);
			name = ViewControllers;
			sourceTree = "<group>";
		};
		9CD4CFE31CE2A587009AE9FF /* Domain */ = {
			isa = PBXGroup;
			children = (
				9CD4CFE41CE2A5AF009AE9FF /* User.swift */,
				9C014A251CE3CB7700541376 /* Driver.swift */,
				9C6DE2F01CE415B00014B179 /* Token.swift */,
			);
			name = Domain;
			sourceTree = "<group>";
		};
		9CD4CFE61CE2A5FF009AE9FF /* Utils */ = {
			isa = PBXGroup;
			children = (
				9CD4CFE71CE2A614009AE9FF /* Utils.swift */,
				9C014A1F1CE3B4EC00541376 /* Constans.swift */,
			);
			name = Utils;
			sourceTree = "<group>";
		};
		9CD4CFEC1CE2A687009AE9FF /* Dto */ = {
			isa = PBXGroup;
			children = (
				9CD4CFED1CE2A6C3009AE9FF /* UserRealm.swift */,
				9C014A1D1CE3B4B900541376 /* LoginDto.swift */,
				9C6371401CEA7D8700D8BDE8 /* DriverChosen.swift */,
				9C63929C1D116C2E0020480F /* UpdatePushToken.swift */,
			);
			name = Dto;
			sourceTree = "<group>";
		};
		EC67301BE94E01279A20F8AE /* Frameworks */ = {
			isa = PBXGroup;
			children = (
				9CAF452E1CEB614D0025E432 /* CoreLocation.framework */,
				9C6371441CEAA23700D8BDE8 /* MapKit.framework */,
				91E1D0F2A54E232D114B4094 /* Pods_CadeVan.framework */,
				FA032891F4C9D665BB5DFF20 /* Pods_CadeVanTests.framework */,
			);
			name = Frameworks;
			sourceTree = "<group>";
		};
/* End PBXGroup section */

/* Begin PBXNativeTarget section */
		9C9003A61CDD22980096584A /* CadeVan */ = {
			isa = PBXNativeTarget;
			buildConfigurationList = 9C9003C41CDD22990096584A /* Build configuration list for PBXNativeTarget "CadeVan" */;
			buildPhases = (
				5EE8CFA64300C129E9285243 /* 📦 Check Pods Manifest.lock */,
				9C9003A31CDD22980096584A /* Sources */,
				9C9003A41CDD22980096584A /* Frameworks */,
				9C9003A51CDD22980096584A /* Resources */,
				E09BE3A8C4BCBF96ACD5EB6F /* 📦 Embed Pods Frameworks */,
				E0A58116D9E27C9DF16D9236 /* 📦 Copy Pods Resources */,
				9C660E9B1CFD2CAB00A52B6F /* ShellScript */,
			);
			buildRules = (
			);
			dependencies = (
			);
			name = CadeVan;
			productName = CadeVan;
			productReference = 9C9003A71CDD22980096584A /* CadeVan.app */;
			productType = "com.apple.product-type.application";
		};
		9C9003BA1CDD22990096584A /* CadeVanTests */ = {
			isa = PBXNativeTarget;
			buildConfigurationList = 9C9003C71CDD22990096584A /* Build configuration list for PBXNativeTarget "CadeVanTests" */;
			buildPhases = (
				0EBC98E35BCFBD4193107C54 /* 📦 Check Pods Manifest.lock */,
				9C9003B71CDD22990096584A /* Sources */,
				9C9003B81CDD22990096584A /* Frameworks */,
				9C9003B91CDD22990096584A /* Resources */,
				7DA7B1C8017B9B525932B729 /* 📦 Embed Pods Frameworks */,
				462FDDCE20017E2B790CBA8C /* 📦 Copy Pods Resources */,
				9CD4CFE21CE2A532009AE9FF /* Run Script */,
			);
			buildRules = (
			);
			dependencies = (
				9C9003BD1CDD22990096584A /* PBXTargetDependency */,
			);
			name = CadeVanTests;
			productName = CadeVanTests;
			productReference = 9C9003BB1CDD22990096584A /* CadeVanTests.xctest */;
			productType = "com.apple.product-type.bundle.unit-test";
		};
/* End PBXNativeTarget section */

/* Begin PBXProject section */
		9C90039F1CDD22980096584A /* Project object */ = {
			isa = PBXProject;
			attributes = {
				LastSwiftUpdateCheck = 0730;
				LastUpgradeCheck = 0730;
				ORGANIZATIONNAME = "Leandro Ferreira";
				TargetAttributes = {
					9C9003A61CDD22980096584A = {
						CreatedOnToolsVersion = 7.3;
						DevelopmentTeam = D9V8228529;
						SystemCapabilities = {
							com.apple.Maps.iOS = {
								enabled = 1;
							};
							com.apple.Push = {
								enabled = 1;
							};
						};
					};
					9C9003BA1CDD22990096584A = {
						CreatedOnToolsVersion = 7.3;
						TestTargetID = 9C9003A61CDD22980096584A;
					};
				};
			};
			buildConfigurationList = 9C9003A21CDD22980096584A /* Build configuration list for PBXProject "CadeVan" */;
			compatibilityVersion = "Xcode 3.2";
			developmentRegion = English;
			hasScannedForEncodings = 0;
			knownRegions = (
				en,
				Base,
			);
			mainGroup = 9C90039E1CDD22980096584A;
			productRefGroup = 9C9003A81CDD22980096584A /* Products */;
			projectDirPath = "";
			projectRoot = "";
			targets = (
				9C9003A61CDD22980096584A /* CadeVan */,
				9C9003BA1CDD22990096584A /* CadeVanTests */,
			);
		};
/* End PBXProject section */

/* Begin PBXResourcesBuildPhase section */
		9C9003A51CDD22980096584A /* Resources */ = {
			isa = PBXResourcesBuildPhase;
			buildActionMask = 2147483647;
			files = (
				9C9003B51CDD22990096584A /* LaunchScreen.storyboard in Resources */,
				9C9003B21CDD22990096584A /* Assets.xcassets in Resources */,
				9C9003B01CDD22980096584A /* Main.storyboard in Resources */,
				9C6EEBC31CED07AE009E1AE3 /* GoogleService-Info.plist in Resources */,
			);
			runOnlyForDeploymentPostprocessing = 0;
		};
		9C9003B91CDD22990096584A /* Resources */ = {
			isa = PBXResourcesBuildPhase;
			buildActionMask = 2147483647;
			files = (
			);
			runOnlyForDeploymentPostprocessing = 0;
		};
/* End PBXResourcesBuildPhase section */

/* Begin PBXShellScriptBuildPhase section */
		0EBC98E35BCFBD4193107C54 /* 📦 Check Pods Manifest.lock */ = {
			isa = PBXShellScriptBuildPhase;
			buildActionMask = 2147483647;
			files = (
			);
			inputPaths = (
			);
			name = "📦 Check Pods Manifest.lock";
			outputPaths = (
			);
			runOnlyForDeploymentPostprocessing = 0;
			shellPath = /bin/sh;
			shellScript = "diff \"${PODS_ROOT}/../Podfile.lock\" \"${PODS_ROOT}/Manifest.lock\" > /dev/null\nif [[ $? != 0 ]] ; then\n    cat << EOM\nerror: The sandbox is not in sync with the Podfile.lock. Run 'pod install' or update your CocoaPods installation.\nEOM\n    exit 1\nfi\n";
			showEnvVarsInLog = 0;
		};
		462FDDCE20017E2B790CBA8C /* 📦 Copy Pods Resources */ = {
			isa = PBXShellScriptBuildPhase;
			buildActionMask = 2147483647;
			files = (
			);
			inputPaths = (
			);
			name = "📦 Copy Pods Resources";
			outputPaths = (
			);
			runOnlyForDeploymentPostprocessing = 0;
			shellPath = /bin/sh;
			shellScript = "\"${SRCROOT}/Pods/Target Support Files/Pods-CadeVanTests/Pods-CadeVanTests-resources.sh\"\n";
			showEnvVarsInLog = 0;
		};
		5EE8CFA64300C129E9285243 /* 📦 Check Pods Manifest.lock */ = {
			isa = PBXShellScriptBuildPhase;
			buildActionMask = 2147483647;
			files = (
			);
			inputPaths = (
			);
			name = "📦 Check Pods Manifest.lock";
			outputPaths = (
			);
			runOnlyForDeploymentPostprocessing = 0;
			shellPath = /bin/sh;
			shellScript = "diff \"${PODS_ROOT}/../Podfile.lock\" \"${PODS_ROOT}/Manifest.lock\" > /dev/null\nif [[ $? != 0 ]] ; then\n    cat << EOM\nerror: The sandbox is not in sync with the Podfile.lock. Run 'pod install' or update your CocoaPods installation.\nEOM\n    exit 1\nfi\n";
			showEnvVarsInLog = 0;
		};
		7DA7B1C8017B9B525932B729 /* 📦 Embed Pods Frameworks */ = {
			isa = PBXShellScriptBuildPhase;
			buildActionMask = 2147483647;
			files = (
			);
			inputPaths = (
			);
			name = "📦 Embed Pods Frameworks";
			outputPaths = (
			);
			runOnlyForDeploymentPostprocessing = 0;
			shellPath = /bin/sh;
			shellScript = "\"${SRCROOT}/Pods/Target Support Files/Pods-CadeVanTests/Pods-CadeVanTests-frameworks.sh\"\n";
			showEnvVarsInLog = 0;
		};
		9C660E9B1CFD2CAB00A52B6F /* ShellScript */ = {
			isa = PBXShellScriptBuildPhase;
			buildActionMask = 2147483647;
			files = (
			);
			inputPaths = (
			);
			outputPaths = (
			);
			runOnlyForDeploymentPostprocessing = 0;
			shellPath = /bin/sh;
			shellScript = "";
		};
		9CD4CFE21CE2A532009AE9FF /* Run Script */ = {
			isa = PBXShellScriptBuildPhase;
			buildActionMask = 2147483647;
			files = (
			);
			inputPaths = (
			);
			name = "Run Script";
			outputPaths = (
			);
			runOnlyForDeploymentPostprocessing = 0;
			shellPath = /bin/sh;
			shellScript = "";
		};
		E09BE3A8C4BCBF96ACD5EB6F /* 📦 Embed Pods Frameworks */ = {
			isa = PBXShellScriptBuildPhase;
			buildActionMask = 2147483647;
			files = (
			);
			inputPaths = (
			);
			name = "📦 Embed Pods Frameworks";
			outputPaths = (
			);
			runOnlyForDeploymentPostprocessing = 0;
			shellPath = /bin/sh;
			shellScript = "\"${SRCROOT}/Pods/Target Support Files/Pods-CadeVan/Pods-CadeVan-frameworks.sh\"\n";
			showEnvVarsInLog = 0;
		};
		E0A58116D9E27C9DF16D9236 /* 📦 Copy Pods Resources */ = {
			isa = PBXShellScriptBuildPhase;
			buildActionMask = 2147483647;
			files = (
			);
			inputPaths = (
			);
			name = "📦 Copy Pods Resources";
			outputPaths = (
			);
			runOnlyForDeploymentPostprocessing = 0;
			shellPath = /bin/sh;
			shellScript = "\"${SRCROOT}/Pods/Target Support Files/Pods-CadeVan/Pods-CadeVan-resources.sh\"\n";
			showEnvVarsInLog = 0;
		};
/* End PBXShellScriptBuildPhase section */

/* Begin PBXSourcesBuildPhase section */
		9C9003A31CDD22980096584A /* Sources */ = {
			isa = PBXSourcesBuildPhase;
			buildActionMask = 2147483647;
			files = (
				9C63929D1D116C2E0020480F /* UpdatePushToken.swift in Sources */,
				9C014A261CE3CB7700541376 /* Driver.swift in Sources */,
				9C6371411CEA7D8800D8BDE8 /* DriverChosen.swift in Sources */,
				9C41675D1D074EBF00D24ED9 /* MapCustomAnnotation.swift in Sources */,
				9CD4CFD81CE29517009AE9FF /* LoginViewController.swift in Sources */,
				9C014A1E1CE3B4B900541376 /* LoginDto.swift in Sources */,
				9C6DE2F11CE415B00014B179 /* Token.swift in Sources */,
				9C014A201CE3B4EC00541376 /* Constans.swift in Sources */,
				9C9003AD1CDD22980096584A /* ViewController.swift in Sources */,
				9C7FA7571CE691550099DF4D /* SplashViewController.swift in Sources */,
				9C091CE31CEBB57D00968027 /* LoadingButton.swift in Sources */,
				9C014A241CE3C75400541376 /* DriversViewController.swift in Sources */,
				9C9003AB1CDD22980096584A /* AppDelegate.swift in Sources */,
				9CD4CFE51CE2A5AF009AE9FF /* User.swift in Sources */,
				9CD4CFDA1CE29559009AE9FF /* RegisterViewController.swift in Sources */,
				9CD4CFEE1CE2A6C3009AE9FF /* UserRealm.swift in Sources */,
				9CAF45311CEB636B0025E432 /* MapViewController.swift in Sources */,
				9CD4CFE81CE2A614009AE9FF /* Utils.swift in Sources */,
			);
			runOnlyForDeploymentPostprocessing = 0;
		};
		9C9003B71CDD22990096584A /* Sources */ = {
			isa = PBXSourcesBuildPhase;
			buildActionMask = 2147483647;
			files = (
				9C9003C01CDD22990096584A /* CadeVanTests.swift in Sources */,
			);
			runOnlyForDeploymentPostprocessing = 0;
		};
/* End PBXSourcesBuildPhase section */

/* Begin PBXTargetDependency section */
		9C9003BD1CDD22990096584A /* PBXTargetDependency */ = {
			isa = PBXTargetDependency;
			target = 9C9003A61CDD22980096584A /* CadeVan */;
			targetProxy = 9C9003BC1CDD22990096584A /* PBXContainerItemProxy */;
		};
/* End PBXTargetDependency section */

/* Begin PBXVariantGroup section */
		9C9003AE1CDD22980096584A /* Main.storyboard */ = {
			isa = PBXVariantGroup;
			children = (
				9C9003AF1CDD22980096584A /* Base */,
			);
			name = Main.storyboard;
			sourceTree = "<group>";
		};
		9C9003B31CDD22990096584A /* LaunchScreen.storyboard */ = {
			isa = PBXVariantGroup;
			children = (
				9C9003B41CDD22990096584A /* Base */,
			);
			name = LaunchScreen.storyboard;
			sourceTree = "<group>";
		};
/* End PBXVariantGroup section */

/* Begin XCBuildConfiguration section */
		9C9003C21CDD22990096584A /* Debug */ = {
			isa = XCBuildConfiguration;
			buildSettings = {
				ALWAYS_SEARCH_USER_PATHS = NO;
				CLANG_ANALYZER_NONNULL = YES;
				CLANG_CXX_LANGUAGE_STANDARD = "gnu++0x";
				CLANG_CXX_LIBRARY = "libc++";
				CLANG_ENABLE_MODULES = YES;
				CLANG_ENABLE_OBJC_ARC = YES;
				CLANG_WARN_BOOL_CONVERSION = YES;
				CLANG_WARN_CONSTANT_CONVERSION = YES;
				CLANG_WARN_DIRECT_OBJC_ISA_USAGE = YES_ERROR;
				CLANG_WARN_EMPTY_BODY = YES;
				CLANG_WARN_ENUM_CONVERSION = YES;
				CLANG_WARN_INT_CONVERSION = YES;
				CLANG_WARN_OBJC_ROOT_CLASS = YES_ERROR;
				CLANG_WARN_UNREACHABLE_CODE = YES;
				CLANG_WARN__DUPLICATE_METHOD_MATCH = YES;
				"CODE_SIGN_IDENTITY[sdk=iphoneos*]" = "iPhone Developer";
				COPY_PHASE_STRIP = NO;
				DEBUG_INFORMATION_FORMAT = dwarf;
				ENABLE_STRICT_OBJC_MSGSEND = YES;
				ENABLE_TESTABILITY = YES;
				GCC_C_LANGUAGE_STANDARD = gnu99;
				GCC_DYNAMIC_NO_PIC = NO;
				GCC_NO_COMMON_BLOCKS = YES;
				GCC_OPTIMIZATION_LEVEL = 0;
				GCC_PREPROCESSOR_DEFINITIONS = (
					"DEBUG=1",
					"$(inherited)",
				);
				GCC_WARN_64_TO_32_BIT_CONVERSION = YES;
				GCC_WARN_ABOUT_RETURN_TYPE = YES_ERROR;
				GCC_WARN_UNDECLARED_SELECTOR = YES;
				GCC_WARN_UNINITIALIZED_AUTOS = YES_AGGRESSIVE;
				GCC_WARN_UNUSED_FUNCTION = YES;
				GCC_WARN_UNUSED_VARIABLE = YES;
				IPHONEOS_DEPLOYMENT_TARGET = 9.3;
				MTL_ENABLE_DEBUG_INFO = YES;
				ONLY_ACTIVE_ARCH = YES;
				SDKROOT = iphoneos;
				SWIFT_OPTIMIZATION_LEVEL = "-Onone";
				TARGETED_DEVICE_FAMILY = "1,2";
			};
			name = Debug;
		};
		9C9003C31CDD22990096584A /* Release */ = {
			isa = XCBuildConfiguration;
			buildSettings = {
				ALWAYS_SEARCH_USER_PATHS = NO;
				CLANG_ANALYZER_NONNULL = YES;
				CLANG_CXX_LANGUAGE_STANDARD = "gnu++0x";
				CLANG_CXX_LIBRARY = "libc++";
				CLANG_ENABLE_MODULES = YES;
				CLANG_ENABLE_OBJC_ARC = YES;
				CLANG_WARN_BOOL_CONVERSION = YES;
				CLANG_WARN_CONSTANT_CONVERSION = YES;
				CLANG_WARN_DIRECT_OBJC_ISA_USAGE = YES_ERROR;
				CLANG_WARN_EMPTY_BODY = YES;
				CLANG_WARN_ENUM_CONVERSION = YES;
				CLANG_WARN_INT_CONVERSION = YES;
				CLANG_WARN_OBJC_ROOT_CLASS = YES_ERROR;
				CLANG_WARN_UNREACHABLE_CODE = YES;
				CLANG_WARN__DUPLICATE_METHOD_MATCH = YES;
				"CODE_SIGN_IDENTITY[sdk=iphoneos*]" = "iPhone Developer";
				COPY_PHASE_STRIP = NO;
				DEBUG_INFORMATION_FORMAT = "dwarf-with-dsym";
				ENABLE_NS_ASSERTIONS = NO;
				ENABLE_STRICT_OBJC_MSGSEND = YES;
				GCC_C_LANGUAGE_STANDARD = gnu99;
				GCC_NO_COMMON_BLOCKS = YES;
				GCC_WARN_64_TO_32_BIT_CONVERSION = YES;
				GCC_WARN_ABOUT_RETURN_TYPE = YES_ERROR;
				GCC_WARN_UNDECLARED_SELECTOR = YES;
				GCC_WARN_UNINITIALIZED_AUTOS = YES_AGGRESSIVE;
				GCC_WARN_UNUSED_FUNCTION = YES;
				GCC_WARN_UNUSED_VARIABLE = YES;
				IPHONEOS_DEPLOYMENT_TARGET = 9.3;
				MTL_ENABLE_DEBUG_INFO = NO;
				SDKROOT = iphoneos;
				TARGETED_DEVICE_FAMILY = "1,2";
				VALIDATE_PRODUCT = YES;
			};
			name = Release;
		};
		9C9003C51CDD22990096584A /* Debug */ = {
			isa = XCBuildConfiguration;
			baseConfigurationReference = 6CA1D3A4B45840ADBD36B1C3 /* Pods-CadeVan.debug.xcconfig */;
			buildSettings = {
				ASSETCATALOG_COMPILER_APPICON_NAME = AppIcon;
				CLANG_ENABLE_MODULES = YES;
				FRAMEWORK_SEARCH_PATHS = (
					"$(inherited)",
					"$(PROJECT_DIR)",
				);
				INFOPLIST_FILE = CadeVan/Info.plist;
				IPHONEOS_DEPLOYMENT_TARGET = 9.1;
				LD_RUNPATH_SEARCH_PATHS = "$(inherited) @executable_path/Frameworks";
				PRODUCT_BUNDLE_IDENTIFIER = br.com.simplepass.cadevan.XXX;
				PRODUCT_NAME = "$(TARGET_NAME)";
				SWIFT_OBJC_BRIDGING_HEADER = "CadeVan/CadeVan-Bridging-Header.h";
				SWIFT_OPTIMIZATION_LEVEL = "-Onone";
			};
			name = Debug;
		};
		9C9003C61CDD22990096584A /* Release */ = {
			isa = XCBuildConfiguration;
			baseConfigurationReference = FEBDDA6A91ED2643DA0E39DC /* Pods-CadeVan.release.xcconfig */;
			buildSettings = {
				ASSETCATALOG_COMPILER_APPICON_NAME = AppIcon;
				CLANG_ENABLE_MODULES = YES;
				FRAMEWORK_SEARCH_PATHS = (
					"$(inherited)",
					"$(PROJECT_DIR)",
				);
				INFOPLIST_FILE = CadeVan/Info.plist;
				IPHONEOS_DEPLOYMENT_TARGET = 9.1;
				LD_RUNPATH_SEARCH_PATHS = "$(inherited) @executable_path/Frameworks";
				PRODUCT_BUNDLE_IDENTIFIER = br.com.simplepass.cadevan.XXX;
				PRODUCT_NAME = "$(TARGET_NAME)";
				SWIFT_OBJC_BRIDGING_HEADER = "CadeVan/CadeVan-Bridging-Header.h";
			};
			name = Release;
		};
		9C9003C81CDD22990096584A /* Debug */ = {
			isa = XCBuildConfiguration;
			baseConfigurationReference = 38C14E3D3AA48467CDF548D2 /* Pods-CadeVanTests.debug.xcconfig */;
			buildSettings = {
				BUNDLE_LOADER = "$(TEST_HOST)";
				FRAMEWORK_SEARCH_PATHS = (
					"$(inherited)",
					"\"$PODS_CONFIGURATION_BUILD_DIR/Alamofire\"",
					"\"$PODS_CONFIGURATION_BUILD_DIR/SwiftSpinner\"",
					"\"$PODS_CONFIGURATION_BUILD_DIR/SwiftyJSON\"",
				);
				"FRAMEWORK_SEARCH_PATHS[arch=*]" = (
					"$(inherited)",
					"\"$PODS_CONFIGURATION_BUILD_DIR/Alamofire\"",
					"\"$PODS_CONFIGURATION_BUILD_DIR/SwiftSpinner\"",
					"\"$PODS_CONFIGURATION_BUILD_DIR/SwiftyJSON\"",
				);
				INFOPLIST_FILE = CadeVanTests/Info.plist;
				LD_RUNPATH_SEARCH_PATHS = "$(inherited) @executable_path/Frameworks @loader_path/Frameworks";
				PRODUCT_BUNDLE_IDENTIFIER = br.com.simplepass.CadeVanTests;
				PRODUCT_NAME = "$(TARGET_NAME)";
				TEST_HOST = "$(BUILT_PRODUCTS_DIR)/CadeVan.app/CadeVan";
			};
			name = Debug;
		};
		9C9003C91CDD22990096584A /* Release */ = {
			isa = XCBuildConfiguration;
			baseConfigurationReference = 98BE51BE819C5EE12E5A63EC /* Pods-CadeVanTests.release.xcconfig */;
			buildSettings = {
				BUNDLE_LOADER = "$(TEST_HOST)";
				"FRAMEWORK_SEARCH_PATHS[arch=*]" = (
					"$(inherited)",
					"\"$PODS_CONFIGURATION_BUILD_DIR/Alamofire\"",
					"\"$PODS_CONFIGURATION_BUILD_DIR/SwiftyJSON\"",
				);
				INFOPLIST_FILE = CadeVanTests/Info.plist;
				LD_RUNPATH_SEARCH_PATHS = "$(inherited) @executable_path/Frameworks @loader_path/Frameworks";
				PRODUCT_BUNDLE_IDENTIFIER = br.com.simplepass.CadeVanTests;
				PRODUCT_NAME = "$(TARGET_NAME)";
				TEST_HOST = "$(BUILT_PRODUCTS_DIR)/CadeVan.app/CadeVan";
			};
			name = Release;
		};
/* End XCBuildConfiguration section */

/* Begin XCConfigurationList section */
		9C9003A21CDD22980096584A /* Build configuration list for PBXProject "CadeVan" */ = {
			isa = XCConfigurationList;
			buildConfigurations = (
				9C9003C21CDD22990096584A /* Debug */,
				9C9003C31CDD22990096584A /* Release */,
			);
			defaultConfigurationIsVisible = 0;
			defaultConfigurationName = Release;
		};
		9C9003C41CDD22990096584A /* Build configuration list for PBXNativeTarget "CadeVan" */ = {
			isa = XCConfigurationList;
			buildConfigurations = (
				9C9003C51CDD22990096584A /* Debug */,
				9C9003C61CDD22990096584A /* Release */,
			);
			defaultConfigurationIsVisible = 0;
			defaultConfigurationName = Release;
		};
		9C9003C71CDD22990096584A /* Build configuration list for PBXNativeTarget "CadeVanTests" */ = {
			isa = XCConfigurationList;
			buildConfigurations = (
				9C9003C81CDD22990096584A /* Debug */,
				9C9003C91CDD22990096584A /* Release */,
			);
			defaultConfigurationIsVisible = 0;
			defaultConfigurationName = Release;
		};
/* End XCConfigurationList section */
	};
	rootObject = 9C90039F1CDD22980096584A /* Project object */;
}
